
Microsoft Visual Studio Solution File, Format Version 12.00
# Visual Studio Version 17
VisualStudioVersion = 17.14.36401.2 d17.14
MinimumVisualStudioVersion = 10.0.40219.1
Project("{FAE04EC0-301F-11D3-BF4B-00C04F79EFBC}") = "DesignPatterns", "DesignPatterns.csproj", "{F115DBF7-ED9F-4FBD-A985-F1ED267F3322}"
EndProject
Global
	GlobalSection(SolutionConfigurationPlatforms) = preSolution
		Debug|Any CPU = Debug|Any CPU
		Release|Any CPU = Release|Any CPU
	EndGlobalSection
	GlobalSection(ProjectConfigurationPlatforms) = postSolution
		{F115DBF7-ED9F-4FBD-A985-F1ED267F3322}.Debug|Any CPU.ActiveCfg = Debug|Any CPU
		{F115DBF7-ED9F-4FBD-A985-F1ED267F3322}.Debug|Any CPU.Build.0 = Debug|Any CPU
		{F115DBF7-ED9F-4FBD-A985-F1ED267F3322}.Release|Any CPU.ActiveCfg = Release|Any CPU
		{F115DBF7-ED9F-4FBD-A985-F1ED267F3322}.Release|Any CPU.Build.0 = Release|Any CPU
	EndGlobalSection
	GlobalSection(SolutionProperties) = preSolution
		HideSolutionNode = FALSE
	EndGlobalSection
	GlobalSection(ExtensibilityGlobals) = postSolution
		SolutionGuid = {1162DD92-68AB-422C-AD94-9D7539E2EC45}
	EndGlobalSection
EndGlobal
